
Microsoft Visual Studio Solution File, Format Version 12.00
# Visual Studio Version 17
VisualStudioVersion = 17.5.33627.172
MinimumVisualStudioVersion = 10.0.40219.1
Project("{FAE04EC0-301F-11D3-BF4B-00C04F79EFBC}") = "sistema_ATENDIMENTO", "sistema_ATENDIMENTO\sistema_ATENDIMENTO.csproj", "{D896AC14-3DA5-42BA-AB79-A1D262D15C52}"
EndProject
Global
	GlobalSection(SolutionConfigurationPlatforms) = preSolution
		Debug|Any CPU = Debug|Any CPU
		Release|Any CPU = Release|Any CPU
	EndGlobalSection
	GlobalSection(ProjectConfigurationPlatforms) = postSolution
		{D896AC14-3DA5-42BA-AB79-A1D262D15C52}.Debug|Any CPU.ActiveCfg = Debug|Any CPU
		{D896AC14-3DA5-42BA-AB79-A1D262D15C52}.Debug|Any CPU.Build.0 = Debug|Any CPU
		{D896AC14-3DA5-42BA-AB79-A1D262D15C52}.Release|Any CPU.ActiveCfg = Release|Any CPU
		{D896AC14-3DA5-42BA-AB79-A1D262D15C52}.Release|Any CPU.Build.0 = Release|Any CPU
	EndGlobalSection
	GlobalSection(SolutionProperties) = preSolution
		HideSolutionNode = FALSE
	EndGlobalSection
	GlobalSection(ExtensibilityGlobals) = postSolution
		SolutionGuid = {02AD4439-FA0C-439E-81A8-7F6F281532A6}
	EndGlobalSection
EndGlobal
